
Microsoft Visual Studio Solution File, Format Version 12.00
# Visual Studio Version 17
VisualStudioVersion = 17.3.32825.248
MinimumVisualStudioVersion = 10.0.40219.1
Project("{FAE04EC0-301F-11D3-BF4B-00C04F79EFBC}") = "RDP_Shadow_zapaska", "RDP_Shadow_zapaska\RDP_Shadow_zapaska.csproj", "{ABE5805D-A154-4CBA-A462-218008BD062E}"
EndProject
Global
	GlobalSection(SolutionConfigurationPlatforms) = preSolution
		Debug|Any CPU = Debug|Any CPU
		Release|Any CPU = Release|Any CPU
	EndGlobalSection
	GlobalSection(ProjectConfigurationPlatforms) = postSolution
		{ABE5805D-A154-4CBA-A462-218008BD062E}.Debug|Any CPU.ActiveCfg = Debug|Any CPU
		{ABE5805D-A154-4CBA-A462-218008BD062E}.Debug|Any CPU.Build.0 = Debug|Any CPU
		{ABE5805D-A154-4CBA-A462-218008BD062E}.Release|Any CPU.ActiveCfg = Release|Any CPU
		{ABE5805D-A154-4CBA-A462-218008BD062E}.Release|Any CPU.Build.0 = Release|Any CPU
	EndGlobalSection
	GlobalSection(SolutionProperties) = preSolution
		HideSolutionNode = FALSE
	EndGlobalSection
	GlobalSection(ExtensibilityGlobals) = postSolution
		SolutionGuid = {2DA14570-EEBA-4DA7-97DC-0C4289D5BF4C}
	EndGlobalSection
EndGlobal
